// !$*UTF8*$!
{
	archiveVersion = 1;
	classes = {
	};
	objectVersion = 50;
	objects = {

/* Begin PBXBuildFile section */
		8E54408423B643E90067F688 /* TwoSum.cpp in Sources */ = {isa = PBXBuildFile; fileRef = 8E54408223B643E90067F688 /* TwoSum.cpp */; };
		8E54408723B6F2460067F688 /* AddTwoNumbers.swift in Sources */ = {isa = PBXBuildFile; fileRef = 8E54408623B6F2460067F688 /* AddTwoNumbers.swift */; };
		8E54408A23B749850067F688 /* AddTwoNumbers.cpp in Sources */ = {isa = PBXBuildFile; fileRef = 8E54408823B749850067F688 /* AddTwoNumbers.cpp */; };
		8E54408D23B8F58C0067F688 /* LengthOfLongestSubstring.swift in Sources */ = {isa = PBXBuildFile; fileRef = 8E54408C23B8F58C0067F688 /* LengthOfLongestSubstring.swift */; };
		8E54409023B8FFE80067F688 /* LengthOfLongestSubstring.cpp in Sources */ = {isa = PBXBuildFile; fileRef = 8E54408E23B8FFE80067F688 /* LengthOfLongestSubstring.cpp */; };
		D2CAF81F23B458EE00BFC04B /* AppDelegate.swift in Sources */ = {isa = PBXBuildFile; fileRef = D2CAF81E23B458EE00BFC04B /* AppDelegate.swift */; };
		D2CAF82123B458EE00BFC04B /* SceneDelegate.swift in Sources */ = {isa = PBXBuildFile; fileRef = D2CAF82023B458EE00BFC04B /* SceneDelegate.swift */; };
		D2CAF82323B458EE00BFC04B /* ViewController.swift in Sources */ = {isa = PBXBuildFile; fileRef = D2CAF82223B458EE00BFC04B /* ViewController.swift */; };
		D2CAF82623B458EE00BFC04B /* Main.storyboard in Resources */ = {isa = PBXBuildFile; fileRef = D2CAF82423B458EE00BFC04B /* Main.storyboard */; };
		D2CAF82823B458F400BFC04B /* Assets.xcassets in Resources */ = {isa = PBXBuildFile; fileRef = D2CAF82723B458F400BFC04B /* Assets.xcassets */; };
		D2CAF82B23B458F400BFC04B /* LaunchScreen.storyboard in Resources */ = {isa = PBXBuildFile; fileRef = D2CAF82923B458F400BFC04B /* LaunchScreen.storyboard */; };
		D2CAF83523B45A2800BFC04B /* TwoSum.swift in Sources */ = {isa = PBXBuildFile; fileRef = D2CAF83423B45A2800BFC04B /* TwoSum.swift */; };
/* End PBXBuildFile section */

/* Begin PBXFileReference section */
		8E54408123B643E80067F688 /* LeetCodeSampleCode-Bridging-Header.h */ = {isa = PBXFileReference; lastKnownFileType = sourcecode.c.h; path = "LeetCodeSampleCode-Bridging-Header.h"; sourceTree = "<group>"; };
		8E54408223B643E90067F688 /* TwoSum.cpp */ = {isa = PBXFileReference; lastKnownFileType = sourcecode.cpp.cpp; path = TwoSum.cpp; sourceTree = "<group>"; };
		8E54408323B643E90067F688 /* TwoSum.hpp */ = {isa = PBXFileReference; lastKnownFileType = sourcecode.cpp.h; path = TwoSum.hpp; sourceTree = "<group>"; };
		8E54408623B6F2460067F688 /* AddTwoNumbers.swift */ = {isa = PBXFileReference; lastKnownFileType = sourcecode.swift; path = AddTwoNumbers.swift; sourceTree = "<group>"; };
		8E54408823B749850067F688 /* AddTwoNumbers.cpp */ = {isa = PBXFileReference; lastKnownFileType = sourcecode.cpp.cpp; path = AddTwoNumbers.cpp; sourceTree = "<group>"; };
		8E54408923B749850067F688 /* AddTwoNumbers.hpp */ = {isa = PBXFileReference; lastKnownFileType = sourcecode.cpp.h; path = AddTwoNumbers.hpp; sourceTree = "<group>"; };
		8E54408C23B8F58C0067F688 /* LengthOfLongestSubstring.swift */ = {isa = PBXFileReference; lastKnownFileType = sourcecode.swift; path = LengthOfLongestSubstring.swift; sourceTree = "<group>"; };
		8E54408E23B8FFE80067F688 /* LengthOfLongestSubstring.cpp */ = {isa = PBXFileReference; lastKnownFileType = sourcecode.cpp.cpp; path = LengthOfLongestSubstring.cpp; sourceTree = "<group>"; };
		8E54408F23B8FFE80067F688 /* LengthOfLongestSubstring.hpp */ = {isa = PBXFileReference; lastKnownFileType = sourcecode.cpp.h; path = LengthOfLongestSubstring.hpp; sourceTree = "<group>"; };
		D2CAF81B23B458EE00BFC04B /* LeetCodeSampleCode.app */ = {isa = PBXFileReference; explicitFileType = wrapper.application; includeInIndex = 0; path = LeetCodeSampleCode.app; sourceTree = BUILT_PRODUCTS_DIR; };
		D2CAF81E23B458EE00BFC04B /* AppDelegate.swift */ = {isa = PBXFileReference; lastKnownFileType = sourcecode.swift; path = AppDelegate.swift; sourceTree = "<group>"; };
		D2CAF82023B458EE00BFC04B /* SceneDelegate.swift */ = {isa = PBXFileReference; lastKnownFileType = sourcecode.swift; path = SceneDelegate.swift; sourceTree = "<group>"; };
		D2CAF82223B458EE00BFC04B /* ViewController.swift */ = {isa = PBXFileReference; lastKnownFileType = sourcecode.swift; path = ViewController.swift; sourceTree = "<group>"; };
		D2CAF82523B458EE00BFC04B /* Base */ = {isa = PBXFileReference; lastKnownFileType = file.storyboard; name = Base; path = Base.lproj/Main.storyboard; sourceTree = "<group>"; };
		D2CAF82723B458F400BFC04B /* Assets.xcassets */ = {isa = PBXFileReference; lastKnownFileType = folder.assetcatalog; path = Assets.xcassets; sourceTree = "<group>"; };
		D2CAF82A23B458F400BFC04B /* Base */ = {isa = PBXFileReference; lastKnownFileType = file.storyboard; name = Base; path = Base.lproj/LaunchScreen.storyboard; sourceTree = "<group>"; };
		D2CAF82C23B458F400BFC04B /* Info.plist */ = {isa = PBXFileReference; lastKnownFileType = text.plist.xml; path = Info.plist; sourceTree = "<group>"; };
		D2CAF83423B45A2800BFC04B /* TwoSum.swift */ = {isa = PBXFileReference; lastKnownFileType = sourcecode.swift; path = TwoSum.swift; sourceTree = "<group>"; };
/* End PBXFileReference section */

/* Begin PBXFrameworksBuildPhase section */
		D2CAF81823B458EE00BFC04B /* Frameworks */ = {
			isa = PBXFrameworksBuildPhase;
			buildActionMask = 2147483647;
			files = (
			);
			runOnlyForDeploymentPostprocessing = 0;
		};
/* End PBXFrameworksBuildPhase section */

/* Begin PBXGroup section */
		8E54408523B6F2160067F688 /* 2.两数相加 */ = {
			isa = PBXGroup;
			children = (
				8E54408623B6F2460067F688 /* AddTwoNumbers.swift */,
				8E54408823B749850067F688 /* AddTwoNumbers.cpp */,
				8E54408923B749850067F688 /* AddTwoNumbers.hpp */,
			);
			path = "2.两数相加";
			sourceTree = "<group>";
		};
		8E54408B23B8F5530067F688 /* 3.无重复字符的最长子串 */ = {
			isa = PBXGroup;
			children = (
				8E54408C23B8F58C0067F688 /* LengthOfLongestSubstring.swift */,
				8E54408E23B8FFE80067F688 /* LengthOfLongestSubstring.cpp */,
				8E54408F23B8FFE80067F688 /* LengthOfLongestSubstring.hpp */,
			);
			path = "3.无重复字符的最长子串";
			sourceTree = "<group>";
		};
		D2CAF81223B458EE00BFC04B = {
			isa = PBXGroup;
			children = (
				D2CAF81D23B458EE00BFC04B /* LeetCodeSampleCode */,
				D2CAF81C23B458EE00BFC04B /* Products */,
			);
			sourceTree = "<group>";
		};
		D2CAF81C23B458EE00BFC04B /* Products */ = {
			isa = PBXGroup;
			children = (
				D2CAF81B23B458EE00BFC04B /* LeetCodeSampleCode.app */,
			);
			name = Products;
			sourceTree = "<group>";
		};
		D2CAF81D23B458EE00BFC04B /* LeetCodeSampleCode */ = {
			isa = PBXGroup;
			children = (
				8E54408B23B8F5530067F688 /* 3.无重复字符的最长子串 */,
				8E54408523B6F2160067F688 /* 2.两数相加 */,
				D2CAF83323B459F900BFC04B /* 1.两数之和 */,
				D2CAF81E23B458EE00BFC04B /* AppDelegate.swift */,
				D2CAF82023B458EE00BFC04B /* SceneDelegate.swift */,
				D2CAF82223B458EE00BFC04B /* ViewController.swift */,
				8E54408123B643E80067F688 /* LeetCodeSampleCode-Bridging-Header.h */,
				D2CAF82423B458EE00BFC04B /* Main.storyboard */,
				D2CAF82723B458F400BFC04B /* Assets.xcassets */,
				D2CAF82923B458F400BFC04B /* LaunchScreen.storyboard */,
				D2CAF82C23B458F400BFC04B /* Info.plist */,
			);
			path = LeetCodeSampleCode;
			sourceTree = "<group>";
		};
		D2CAF83323B459F900BFC04B /* 1.两数之和 */ = {
			isa = PBXGroup;
			children = (
				D2CAF83423B45A2800BFC04B /* TwoSum.swift */,
				8E54408223B643E90067F688 /* TwoSum.cpp */,
				8E54408323B643E90067F688 /* TwoSum.hpp */,
			);
			path = "1.两数之和";
			sourceTree = "<group>";
		};
/* End PBXGroup section */

/* Begin PBXNativeTarget section */
		D2CAF81A23B458EE00BFC04B /* LeetCodeSampleCode */ = {
			isa = PBXNativeTarget;
			buildConfigurationList = D2CAF82F23B458F400BFC04B /* Build configuration list for PBXNativeTarget "LeetCodeSampleCode" */;
			buildPhases = (
				D2CAF81723B458EE00BFC04B /* Sources */,
				D2CAF81823B458EE00BFC04B /* Frameworks */,
				D2CAF81923B458EE00BFC04B /* Resources */,
			);
			buildRules = (
			);
			dependencies = (
			);
			name = LeetCodeSampleCode;
			productName = LeetCodeSampleCode;
			productReference = D2CAF81B23B458EE00BFC04B /* LeetCodeSampleCode.app */;
			productType = "com.apple.product-type.application";
		};
/* End PBXNativeTarget section */

/* Begin PBXProject section */
		D2CAF81323B458EE00BFC04B /* Project object */ = {
			isa = PBXProject;
			attributes = {
				LastSwiftUpdateCheck = 1120;
				LastUpgradeCheck = 1120;
				ORGANIZATIONNAME = CHM;
				TargetAttributes = {
					D2CAF81A23B458EE00BFC04B = {
						CreatedOnToolsVersion = 11.2.1;
						LastSwiftMigration = 1130;
					};
				};
			};
			buildConfigurationList = D2CAF81623B458EE00BFC04B /* Build configuration list for PBXProject "LeetCodeSampleCode" */;
			compatibilityVersion = "Xcode 9.3";
			developmentRegion = en;
			hasScannedForEncodings = 0;
			knownRegions = (
				en,
				Base,
			);
			mainGroup = D2CAF81223B458EE00BFC04B;
			productRefGroup = D2CAF81C23B458EE00BFC04B /* Products */;
			projectDirPath = "";
			projectRoot = "";
			targets = (
				D2CAF81A23B458EE00BFC04B /* LeetCodeSampleCode */,
			);
		};
/* End PBXProject section */

/* Begin PBXResourcesBuildPhase section */
		D2CAF81923B458EE00BFC04B /* Resources */ = {
			isa = PBXResourcesBuildPhase;
			buildActionMask = 2147483647;
			files = (
				D2CAF82B23B458F400BFC04B /* LaunchScreen.storyboard in Resources */,
				D2CAF82823B458F400BFC04B /* Assets.xcassets in Resources */,
				D2CAF82623B458EE00BFC04B /* Main.storyboard in Resources */,
			);
			runOnlyForDeploymentPostprocessing = 0;
		};
/* End PBXResourcesBuildPhase section */

/* Begin PBXSourcesBuildPhase section */
		D2CAF81723B458EE00BFC04B /* Sources */ = {
			isa = PBXSourcesBuildPhase;
			buildActionMask = 2147483647;
			files = (
				D2CAF82323B458EE00BFC04B /* ViewController.swift in Sources */,
				8E54409023B8FFE80067F688 /* LengthOfLongestSubstring.cpp in Sources */,
				D2CAF81F23B458EE00BFC04B /* AppDelegate.swift in Sources */,
				8E54408423B643E90067F688 /* TwoSum.cpp in Sources */,
				8E54408A23B749850067F688 /* AddTwoNumbers.cpp in Sources */,
				8E54408723B6F2460067F688 /* AddTwoNumbers.swift in Sources */,
				8E54408D23B8F58C0067F688 /* LengthOfLongestSubstring.swift in Sources */,
				D2CAF83523B45A2800BFC04B /* TwoSum.swift in Sources */,
				D2CAF82123B458EE00BFC04B /* SceneDelegate.swift in Sources */,
			);
			runOnlyForDeploymentPostprocessing = 0;
		};
/* End PBXSourcesBuildPhase section */

/* Begin PBXVariantGroup section */
		D2CAF82423B458EE00BFC04B /* Main.storyboard */ = {
			isa = PBXVariantGroup;
			children = (
				D2CAF82523B458EE00BFC04B /* Base */,
			);
			name = Main.storyboard;
			sourceTree = "<group>";
		};
		D2CAF82923B458F400BFC04B /* LaunchScreen.storyboard */ = {
			isa = PBXVariantGroup;
			children = (
				D2CAF82A23B458F400BFC04B /* Base */,
			);
			name = LaunchScreen.storyboard;
			sourceTree = "<group>";
		};
/* End PBXVariantGroup section */

/* Begin XCBuildConfiguration section */
		D2CAF82D23B458F400BFC04B /* Debug */ = {
			isa = XCBuildConfiguration;
			buildSettings = {
				ALWAYS_SEARCH_USER_PATHS = NO;
				CLANG_ANALYZER_NONNULL = YES;
				CLANG_ANALYZER_NUMBER_OBJECT_CONVERSION = YES_AGGRESSIVE;
				CLANG_CXX_LANGUAGE_STANDARD = "gnu++14";
				CLANG_CXX_LIBRARY = "libc++";
				CLANG_ENABLE_MODULES = YES;
				CLANG_ENABLE_OBJC_ARC = YES;
				CLANG_ENABLE_OBJC_WEAK = YES;
				CLANG_WARN_BLOCK_CAPTURE_AUTORELEASING = YES;
				CLANG_WARN_BOOL_CONVERSION = YES;
				CLANG_WARN_COMMA = YES;
				CLANG_WARN_CONSTANT_CONVERSION = YES;
				CLANG_WARN_DEPRECATED_OBJC_IMPLEMENTATIONS = YES;
				CLANG_WARN_DIRECT_OBJC_ISA_USAGE = YES_ERROR;
				CLANG_WARN_DOCUMENTATION_COMMENTS = YES;
				CLANG_WARN_EMPTY_BODY = YES;
				CLANG_WARN_ENUM_CONVERSION = YES;
				CLANG_WARN_INFINITE_RECURSION = YES;
				CLANG_WARN_INT_CONVERSION = YES;
				CLANG_WARN_NON_LITERAL_NULL_CONVERSION = YES;
				CLANG_WARN_OBJC_IMPLICIT_RETAIN_SELF = YES;
				CLANG_WARN_OBJC_LITERAL_CONVERSION = YES;
				CLANG_WARN_OBJC_ROOT_CLASS = YES_ERROR;
				CLANG_WARN_RANGE_LOOP_ANALYSIS = YES;
				CLANG_WARN_STRICT_PROTOTYPES = YES;
				CLANG_WARN_SUSPICIOUS_MOVE = YES;
				CLANG_WARN_UNGUARDED_AVAILABILITY = YES_AGGRESSIVE;
				CLANG_WARN_UNREACHABLE_CODE = YES;
				CLANG_WARN__DUPLICATE_METHOD_MATCH = YES;
				COPY_PHASE_STRIP = NO;
				DEBUG_INFORMATION_FORMAT = dwarf;
				ENABLE_STRICT_OBJC_MSGSEND = YES;
				ENABLE_TESTABILITY = YES;
				GCC_C_LANGUAGE_STANDARD = gnu11;
				GCC_DYNAMIC_NO_PIC = NO;
				GCC_NO_COMMON_BLOCKS = YES;
				GCC_OPTIMIZATION_LEVEL = 0;
				GCC_PREPROCESSOR_DEFINITIONS = (
					"DEBUG=1",
					"$(inherited)",
				);
				GCC_WARN_64_TO_32_BIT_CONVERSION = YES;
				GCC_WARN_ABOUT_RETURN_TYPE = YES_ERROR;
				GCC_WARN_UNDECLARED_SELECTOR = YES;
				GCC_WARN_UNINITIALIZED_AUTOS = YES_AGGRESSIVE;
				GCC_WARN_UNUSED_FUNCTION = YES;
				GCC_WARN_UNUSED_VARIABLE = YES;
				IPHONEOS_DEPLOYMENT_TARGET = 13.2;
				MTL_ENABLE_DEBUG_INFO = INCLUDE_SOURCE;
				MTL_FAST_MATH = YES;
				ONLY_ACTIVE_ARCH = YES;
				SDKROOT = iphoneos;
				SWIFT_ACTIVE_COMPILATION_CONDITIONS = DEBUG;
				SWIFT_OPTIMIZATION_LEVEL = "-Onone";
			};
			name = Debug;
		};
		D2CAF82E23B458F400BFC04B /* Release */ = {
			isa = XCBuildConfiguration;
			buildSettings = {
				ALWAYS_SEARCH_USER_PATHS = NO;
				CLANG_ANALYZER_NONNULL = YES;
				CLANG_ANALYZER_NUMBER_OBJECT_CONVERSION = YES_AGGRESSIVE;
				CLANG_CXX_LANGUAGE_STANDARD = "gnu++14";
				CLANG_CXX_LIBRARY = "libc++";
				CLANG_ENABLE_MODULES = YES;
				CLANG_ENABLE_OBJC_ARC = YES;
				CLANG_ENABLE_OBJC_WEAK = YES;
				CLANG_WARN_BLOCK_CAPTURE_AUTORELEASING = YES;
				CLANG_WARN_BOOL_CONVERSION = YES;
				CLANG_WARN_COMMA = YES;
				CLANG_WARN_CONSTANT_CONVERSION = YES;
				CLANG_WARN_DEPRECATED_OBJC_IMPLEMENTATIONS = YES;
				CLANG_WARN_DIRECT_OBJC_ISA_USAGE = YES_ERROR;
				CLANG_WARN_DOCUMENTATION_COMMENTS = YES;
				CLANG_WARN_EMPTY_BODY = YES;
				CLANG_WARN_ENUM_CONVERSION = YES;
				CLANG_WARN_INFINITE_RECURSION = YES;
				CLANG_WARN_INT_CONVERSION = YES;
				CLANG_WARN_NON_LITERAL_NULL_CONVERSION = YES;
				CLANG_WARN_OBJC_IMPLICIT_RETAIN_SELF = YES;
				CLANG_WARN_OBJC_LITERAL_CONVERSION = YES;
				CLANG_WARN_OBJC_ROOT_CLASS = YES_ERROR;
				CLANG_WARN_RANGE_LOOP_ANALYSIS = YES;
				CLANG_WARN_STRICT_PROTOTYPES = YES;
				CLANG_WARN_SUSPICIOUS_MOVE = YES;
				CLANG_WARN_UNGUARDED_AVAILABILITY = YES_AGGRESSIVE;
				CLANG_WARN_UNREACHABLE_CODE = YES;
				CLANG_WARN__DUPLICATE_METHOD_MATCH = YES;
				COPY_PHASE_STRIP = NO;
				DEBUG_INFORMATION_FORMAT = "dwarf-with-dsym";
				ENABLE_NS_ASSERTIONS = NO;
				ENABLE_STRICT_OBJC_MSGSEND = YES;
				GCC_C_LANGUAGE_STANDARD = gnu11;
				GCC_NO_COMMON_BLOCKS = YES;
				GCC_WARN_64_TO_32_BIT_CONVERSION = YES;
				GCC_WARN_ABOUT_RETURN_TYPE = YES_ERROR;
				GCC_WARN_UNDECLARED_SELECTOR = YES;
				GCC_WARN_UNINITIALIZED_AUTOS = YES_AGGRESSIVE;
				GCC_WARN_UNUSED_FUNCTION = YES;
				GCC_WARN_UNUSED_VARIABLE = YES;
				IPHONEOS_DEPLOYMENT_TARGET = 13.2;
				MTL_ENABLE_DEBUG_INFO = NO;
				MTL_FAST_MATH = YES;
				SDKROOT = iphoneos;
				SWIFT_COMPILATION_MODE = wholemodule;
				SWIFT_OPTIMIZATION_LEVEL = "-O";
				VALIDATE_PRODUCT = YES;
			};
			name = Release;
		};
		D2CAF83023B458F400BFC04B /* Debug */ = {
			isa = XCBuildConfiguration;
			buildSettings = {
				ASSETCATALOG_COMPILER_APPICON_NAME = AppIcon;
				CLANG_ENABLE_MODULES = YES;
				CODE_SIGN_STYLE = Automatic;
				INFOPLIST_FILE = LeetCodeSampleCode/Info.plist;
				LD_RUNPATH_SEARCH_PATHS = (
					"$(inherited)",
					"@executable_path/Frameworks",
				);
				PRODUCT_BUNDLE_IDENTIFIER = chm.LeetCodeSampleCode;
				PRODUCT_NAME = "$(TARGET_NAME)";
				SWIFT_OBJC_BRIDGING_HEADER = "LeetCodeSampleCode/LeetCodeSampleCode-Bridging-Header.h";
				SWIFT_OPTIMIZATION_LEVEL = "-Onone";
				SWIFT_VERSION = 5.0;
				TARGETED_DEVICE_FAMILY = "1,2";
			};
			name = Debug;
		};
		D2CAF83123B458F400BFC04B /* Release */ = {
			isa = XCBuildConfiguration;
			buildSettings = {
				ASSETCATALOG_COMPILER_APPICON_NAME = AppIcon;
				CLANG_ENABLE_MODULES = YES;
				CODE_SIGN_STYLE = Automatic;
				INFOPLIST_FILE = LeetCodeSampleCode/Info.plist;
				LD_RUNPATH_SEARCH_PATHS = (
					"$(inherited)",
					"@executable_path/Frameworks",
				);
				PRODUCT_BUNDLE_IDENTIFIER = chm.LeetCodeSampleCode;
				PRODUCT_NAME = "$(TARGET_NAME)";
				SWIFT_OBJC_BRIDGING_HEADER = "LeetCodeSampleCode/LeetCodeSampleCode-Bridging-Header.h";
				SWIFT_VERSION = 5.0;
				TARGETED_DEVICE_FAMILY = "1,2";
			};
			name = Release;
		};
/* End XCBuildConfiguration section */

/* Begin XCConfigurationList section */
		D2CAF81623B458EE00BFC04B /* Build configuration list for PBXProject "LeetCodeSampleCode" */ = {
			isa = XCConfigurationList;
			buildConfigurations = (
				D2CAF82D23B458F400BFC04B /* Debug */,
				D2CAF82E23B458F400BFC04B /* Release */,
			);
			defaultConfigurationIsVisible = 0;
			defaultConfigurationName = Release;
		};
		D2CAF82F23B458F400BFC04B /* Build configuration list for PBXNativeTarget "LeetCodeSampleCode" */ = {
			isa = XCConfigurationList;
			buildConfigurations = (
				D2CAF83023B458F400BFC04B /* Debug */,
				D2CAF83123B458F400BFC04B /* Release */,
			);
			defaultConfigurationIsVisible = 0;
			defaultConfigurationName = Release;
		};
/* End XCConfigurationList section */
	};
	rootObject = D2CAF81323B458EE00BFC04B /* Project object */;
}
